
Microsoft Visual Studio Solution File, Format Version 12.00
# Visual Studio Version 16
VisualStudioVersion = 16.0.34301.259
MinimumVisualStudioVersion = 10.0.40219.1
Project("{8BC9CEB8-8B4A-11D0-8D11-00A0C91BC942}") = "Breakout", "Breakout.vcxproj", "{0F1466CA-C40D-45BA-81FD-2524FBB0E4F8}"
EndProject
Global
	GlobalSection(SolutionConfigurationPlatforms) = preSolution
		Debug|x64 = Debug|x64
		Debug|x86 = Debug|x86
		Release|x64 = Release|x64
		Release|x86 = Release|x86
	EndGlobalSection
	GlobalSection(ProjectConfigurationPlatforms) = postSolution
		{0F1466CA-C40D-45BA-81FD-2524FBB0E4F8}.Debug|x64.ActiveCfg = Debug|x64
		{0F1466CA-C40D-45BA-81FD-2524FBB0E4F8}.Debug|x64.Build.0 = Debug|x64
		{0F1466CA-C40D-45BA-81FD-2524FBB0E4F8}.Debug|x86.ActiveCfg = Debug|Win32
		{0F1466CA-C40D-45BA-81FD-2524FBB0E4F8}.Debug|x86.Build.0 = Debug|Win32
		{0F1466CA-C40D-45BA-81FD-2524FBB0E4F8}.Release|x64.ActiveCfg = Release|x64
		{0F1466CA-C40D-45BA-81FD-2524FBB0E4F8}.Release|x64.Build.0 = Release|x64
		{0F1466CA-C40D-45BA-81FD-2524FBB0E4F8}.Release|x86.ActiveCfg = Release|Win32
		{0F1466CA-C40D-45BA-81FD-2524FBB0E4F8}.Release|x86.Build.0 = Release|Win32
	EndGlobalSection
	GlobalSection(SolutionProperties) = preSolution
		HideSolutionNode = FALSE
	EndGlobalSection
	GlobalSection(ExtensibilityGlobals) = postSolution
		SolutionGuid = {9428141C-6CF5-47EF-B6DF-FFB5B6A42A70}
	EndGlobalSection
EndGlobal
